{
  "name": "bdudb",
  "version": "1.0.0",
  "lockfileVersion": 1,
  "requires": true,
  "dependencies": {
    "cron-parser": {
      "version": "2.4.1",
      "resolved": "https://registry.npmjs.org/cron-parser/-/cron-parser-2.4.1.tgz",
      "integrity": "sha512-b5IKyY/Dqyjfnnog15TsIMxshVmRXb298FQ5+Wfqe87ZImimZ+E/GFMISGeIvzuJOvQoESbSU6lYhIh3SbA2/w==",
      "requires": {
        "is-nan": "1.2.1",
        "moment-timezone": "0.5.13"
      }
    },
    "define-properties": {
      "version": "1.1.2",
      "resolved": "https://registry.npmjs.org/define-properties/-/define-properties-1.1.2.tgz",
      "integrity": "sha1-g6c/L+pWmJj7c3GTyPhzyvbUXJQ=",
      "requires": {
        "foreach": "2.0.5",
        "object-keys": "1.0.11"
      }
    },
    "foreach": {
      "version": "2.0.5",
      "resolved": "https://registry.npmjs.org/foreach/-/foreach-2.0.5.tgz",
      "integrity": "sha1-C+4AUBiusmDQo6865ljdATbsG5k="
    },
    "ftp": {
      "version": "0.3.10",
      "resolved": "https://registry.npmjs.org/ftp/-/ftp-0.3.10.tgz",
      "integrity": "sha1-kZfYYa2BQvPmPVqDv+TFn3MwiF0=",
      "requires": {
        "readable-stream": "1.1.14",
        "xregexp": "2.0.0"
      },
      "dependencies": {
        "core-util-is": {
          "version": "1.0.2",
          "resolved": "https://registry.npmjs.org/core-util-is/-/core-util-is-1.0.2.tgz",
          "integrity": "sha1-tf1UIgqivFq1eqtxQMlAdUUDwac="
        },
        "inherits": {
          "version": "2.0.3",
          "resolved": "https://registry.npmjs.org/inherits/-/inherits-2.0.3.tgz",
          "integrity": "sha1-Yzwsg+PaQqUC9SRmAiSA9CCCYd4="
        },
        "isarray": {
          "version": "0.0.1",
          "resolved": "https://registry.npmjs.org/isarray/-/isarray-0.0.1.tgz",
          "integrity": "sha1-ihis/Kmo9Bd+Cav8YDiTmwXR7t8="
        },
        "readable-stream": {
          "version": "1.1.14",
          "resolved": "https://registry.npmjs.org/readable-stream/-/readable-stream-1.1.14.tgz",
          "integrity": "sha1-fPTFTvZI44EwhMY23SB54WbAgdk=",
          "requires": {
            "core-util-is": "1.0.2",
            "inherits": "2.0.3",
            "isarray": "0.0.1",
            "string_decoder": "0.10.31"
          }
        },
        "string_decoder": {
          "version": "0.10.31",
          "resolved": "https://registry.npmjs.org/string_decoder/-/string_decoder-0.10.31.tgz",
          "integrity": "sha1-YuIDvEF2bGwoyfyEMB2rHFMQ+pQ="
        },
        "xregexp": {
          "version": "2.0.0",
          "resolved": "https://registry.npmjs.org/xregexp/-/xregexp-2.0.0.tgz",
          "integrity": "sha1-UqY+VsoLhKfzpfPWGHLxJq16WUM="
        }
      }
    },
    "is-nan": {
      "version": "1.2.1",
      "resolved": "https://registry.npmjs.org/is-nan/-/is-nan-1.2.1.tgz",
      "integrity": "sha1-n69ltvttskt/XAYoR16nH5iEAeI=",
      "requires": {
        "define-properties": "1.1.2"
      }
    },
    "long-timeout": {
      "version": "0.1.1",
      "resolved": "https://registry.npmjs.org/long-timeout/-/long-timeout-0.1.1.tgz",
      "integrity": "sha1-lyHXiLR+C8taJMLivuGg2lXatRQ="
    },
    "moment": {
      "version": "https://registry.npmjs.org/moment/-/moment-2.18.1.tgz",
      "integrity": "sha1-w2GT3Tzhwu7SrbfIAtu8d6gbHA8="
    },
    "moment-timezone": {
      "version": "0.5.13",
      "resolved": "https://registry.npmjs.org/moment-timezone/-/moment-timezone-0.5.13.tgz",
      "integrity": "sha1-mc5cfYJyYusPH3AgRBd/YHRde5A=",
      "requires": {
        "moment": "https://registry.npmjs.org/moment/-/moment-2.18.1.tgz"
      }
    },
    "node-schedule": {
      "version": "1.2.3",
      "resolved": "https://registry.npmjs.org/node-schedule/-/node-schedule-1.2.3.tgz",
      "integrity": "sha1-gCb5m9lEHbzInHZaYp52vApf550=",
      "requires": {
        "cron-parser": "2.4.1",
        "long-timeout": "0.1.1",
        "sorted-array-functions": "1.0.0"
      }
    },
    "object-keys": {
      "version": "1.0.11",
      "resolved": "https://registry.npmjs.org/object-keys/-/object-keys-1.0.11.tgz",
      "integrity": "sha1-xUYBd4rVYPEULODgG8yotW0TQm0="
    },
    "sorted-array-functions": {
      "version": "1.0.0",
      "resolved": "https://registry.npmjs.org/sorted-array-functions/-/sorted-array-functions-1.0.0.tgz",
      "integrity": "sha1-wLVU2ecJr/y+VtNMGyUUGX/Tgnk="
    }
  }
}
